{
    "requires": true,
    "lockfileVersion": 1,
    "dependencies": {
        "sweetalert2": {
            "version": "10.3.3",
            "resolved": "https://registry.npmjs.org/sweetalert2/-/sweetalert2-10.3.3.tgz",
            "integrity": "sha512-TFndpC3gKR98zOsItkOVkxOKnJTPf+TDLyejVMMlLxU9h+LZOvVIDFxtdWzJXYvq5GgN2L5YuPzu9P+xpE2hdw=="
        }
    }
}
